
Microsoft Visual Studio Solution File, Format Version 12.00
# Visual Studio Version 16
VisualStudioVersion = 16.0.32802.440
MinimumVisualStudioVersion = 10.0.40219.1
Project("{FAE04EC0-301F-11D3-BF4B-00C04F79EFBC}") = "Cipher", "Cipher\Cipher.csproj", "{04DEF9F7-CD4A-4EBB-8314-58F86E9AEBE8}"
EndProject
Global
	GlobalSection(SolutionConfigurationPlatforms) = preSolution
		Debug|Any CPU = Debug|Any CPU
		Release|Any CPU = Release|Any CPU
	EndGlobalSection
	GlobalSection(ProjectConfigurationPlatforms) = postSolution
		{04DEF9F7-CD4A-4EBB-8314-58F86E9AEBE8}.Debug|Any CPU.ActiveCfg = Debug|Any CPU
		{04DEF9F7-CD4A-4EBB-8314-58F86E9AEBE8}.Debug|Any CPU.Build.0 = Debug|Any CPU
		{04DEF9F7-CD4A-4EBB-8314-58F86E9AEBE8}.Release|Any CPU.ActiveCfg = Release|Any CPU
		{04DEF9F7-CD4A-4EBB-8314-58F86E9AEBE8}.Release|Any CPU.Build.0 = Release|Any CPU
	EndGlobalSection
	GlobalSection(SolutionProperties) = preSolution
		HideSolutionNode = FALSE
	EndGlobalSection
	GlobalSection(ExtensibilityGlobals) = postSolution
		SolutionGuid = {B09E0330-4021-41AA-9513-20E23863BD62}
	EndGlobalSection
EndGlobal
